
Microsoft Visual Studio Solution File, Format Version 12.00
# Visual Studio Version 17
VisualStudioVersion = 17.14.36705.20
MinimumVisualStudioVersion = 10.0.40219.1
Project("{8BC9CEB8-8B4A-11D0-8D11-00A0C91BC942}") = "TestModules", "TestModules\TestModules.vcxproj", "{A9A64D01-5FC3-4051-ADB6-B52C47184AEE}"
EndProject
Project("{8BC9CEB8-8B4A-11D0-8D11-00A0C91BC942}") = "Core", "..\Core\Core\Core.vcxproj", "{C55955C5-96FD-4BB8-B604-04E41EA88318}"
EndProject
Global
	GlobalSection(SolutionConfigurationPlatforms) = preSolution
		Debug|x64 = Debug|x64
		Debug|x86 = Debug|x86
		Release|x64 = Release|x64
		Release|x86 = Release|x86
	EndGlobalSection
	GlobalSection(ProjectConfigurationPlatforms) = postSolution
		{A9A64D01-5FC3-4051-ADB6-B52C47184AEE}.Debug|x64.ActiveCfg = Debug|x64
		{A9A64D01-5FC3-4051-ADB6-B52C47184AEE}.Debug|x64.Build.0 = Debug|x64
		{A9A64D01-5FC3-4051-ADB6-B52C47184AEE}.Debug|x86.ActiveCfg = Debug|Win32
		{A9A64D01-5FC3-4051-ADB6-B52C47184AEE}.Debug|x86.Build.0 = Debug|Win32
		{A9A64D01-5FC3-4051-ADB6-B52C47184AEE}.Release|x64.ActiveCfg = Release|x64
		{A9A64D01-5FC3-4051-ADB6-B52C47184AEE}.Release|x64.Build.0 = Release|x64
		{A9A64D01-5FC3-4051-ADB6-B52C47184AEE}.Release|x86.ActiveCfg = Release|Win32
		{A9A64D01-5FC3-4051-ADB6-B52C47184AEE}.Release|x86.Build.0 = Release|Win32
		{C55955C5-96FD-4BB8-B604-04E41EA88318}.Debug|x64.ActiveCfg = Debug|x64
		{C55955C5-96FD-4BB8-B604-04E41EA88318}.Debug|x64.Build.0 = Debug|x64
		{C55955C5-96FD-4BB8-B604-04E41EA88318}.Debug|x86.ActiveCfg = Debug|Win32
		{C55955C5-96FD-4BB8-B604-04E41EA88318}.Debug|x86.Build.0 = Debug|Win32
		{C55955C5-96FD-4BB8-B604-04E41EA88318}.Release|x64.ActiveCfg = Release|x64
		{C55955C5-96FD-4BB8-B604-04E41EA88318}.Release|x64.Build.0 = Release|x64
		{C55955C5-96FD-4BB8-B604-04E41EA88318}.Release|x86.ActiveCfg = Release|Win32
		{C55955C5-96FD-4BB8-B604-04E41EA88318}.Release|x86.Build.0 = Release|Win32
	EndGlobalSection
	GlobalSection(SolutionProperties) = preSolution
		HideSolutionNode = FALSE
	EndGlobalSection
	GlobalSection(ExtensibilityGlobals) = postSolution
		SolutionGuid = {4D0BD694-8094-47A4-AB92-61878E6E3BDA}
	EndGlobalSection
EndGlobal
