<?xml version="1.0" encoding="utf-8"?>
<Project ToolsVersion="4.0" xmlns="http://schemas.microsoft.com/developer/msbuild/2003">
  <ItemGroup>
    <Filter Include="소스 파일">
      <UniqueIdentifier>{4FC737F1-C7A5-4376-A066-2A32D752A2FF}</UniqueIdentifier>
      <Extensions>cpp;c;cc;cxx;c++;cppm;ixx;def;odl;idl;hpj;bat;asm;asmx</Extensions>
    </Filter>
    <Filter Include="헤더 파일">
      <UniqueIdentifier>{93995380-89BD-4b04-88EB-625FBE52EBFB}</UniqueIdentifier>
      <Extensions>h;hh;hpp;hxx;h++;hm;inl;inc;ipp;xsd</Extensions>
    </Filter>
    <Filter Include="리소스 파일">
      <UniqueIdentifier>{67DA6AB6-F800-4c08-8B7A-83BB121AAD01}</UniqueIdentifier>
      <Extensions>rc;ico;cur;bmp;dlg;rc2;rct;bin;rgs;gif;jpg;jpeg;jpe;resx;tiff;tif;png;wav;mfcribbon-ms</Extensions>
    </Filter>
    <Filter Include="소스 파일\Server">
      <UniqueIdentifier>{d512412a-20cc-4b50-a5b0-b6381ef464b1}</UniqueIdentifier>
    </Filter>
    <Filter Include="헤더 파일\Server">
      <UniqueIdentifier>{a1052fd9-151a-4a0d-b759-1f5242844783}</UniqueIdentifier>
    </Filter>
    <Filter Include="헤더 파일\Protocol">
      <UniqueIdentifier>{601d238b-3909-4774-bfe0-4717c5edb0bb}</UniqueIdentifier>
    </Filter>
    <Filter Include="헤더 파일\Objects">
      <UniqueIdentifier>{5483bfe5-2746-4921-9162-c6481efd669b}</UniqueIdentifier>
    </Filter>
    <Filter Include="소스 파일\Objects">
      <UniqueIdentifier>{8c427255-94ba-4e0d-beaa-bdb3c4f735c9}</UniqueIdentifier>
    </Filter>
    <Filter Include="소스 파일\Tools">
      <UniqueIdentifier>{65b05059-e783-4cb3-a3ec-8406c29d23d6}</UniqueIdentifier>
    </Filter>
    <Filter Include="헤더 파일\Tools">
      <UniqueIdentifier>{cbb8a72d-7fc2-4de7-aeb7-53a1f54f058c}</UniqueIdentifier>
    </Filter>
    <Filter Include="헤더 파일\Contents">
      <UniqueIdentifier>{294194dc-d3e2-4d7e-86cd-f66ba0062aa3}</UniqueIdentifier>
    </Filter>
    <Filter Include="소스 파일\Contents">
      <UniqueIdentifier>{3501b25f-d0b8-4a31-921d-d63c1c0c9389}</UniqueIdentifier>
    </Filter>
    <Filter Include="소스 파일\Contents\Lobby">
      <UniqueIdentifier>{37e2f579-e4f5-4744-8adc-dabb740bb6d2}</UniqueIdentifier>
    </Filter>
    <Filter Include="헤더 파일\Contents\Lobby">
      <UniqueIdentifier>{f401e57f-affb-449f-809b-550a67a8da2b}</UniqueIdentifier>
    </Filter>
    <Filter Include="소스 파일\Client">
      <UniqueIdentifier>{10b14026-e829-4706-bc3e-1e4a332e1de4}</UniqueIdentifier>
    </Filter>
    <Filter Include="헤더 파일\Client">
      <UniqueIdentifier>{0b4721f4-da1b-469b-84a8-750596c78273}</UniqueIdentifier>
    </Filter>
    <Filter Include="소스 파일\DB">
      <UniqueIdentifier>{430ca619-50c4-4326-942a-6892c7b6b0cd}</UniqueIdentifier>
    </Filter>
    <Filter Include="헤더 파일\DB">
      <UniqueIdentifier>{d8bbd15e-a007-4427-9e35-127753a33739}</UniqueIdentifier>
    </Filter>
  </ItemGroup>
  <ItemGroup>
    <ClCompile Include="main.cpp">
      <Filter>소스 파일</Filter>
    </ClCompile>
    <ClCompile Include="GameServer.cpp">
      <Filter>소스 파일\Server</Filter>
    </ClCompile>
    <ClCompile Include="Player.cpp">
      <Filter>소스 파일\Objects</Filter>
    </ClCompile>
    <ClCompile Include="21_TextParser.cpp">
      <Filter>소스 파일\Tools</Filter>
    </ClCompile>
    <ClCompile Include="Lobby.cpp">
      <Filter>소스 파일\Contents\Lobby</Filter>
    </ClCompile>
    <ClCompile Include="LobbyTimerJob.cpp">
      <Filter>소스 파일\Contents\Lobby</Filter>
    </ClCompile>
    <ClCompile Include="ClientToLogin.cpp">
      <Filter>소스 파일\Client</Filter>
    </ClCompile>
    <ClCompile Include="RedisConnector.cpp">
      <Filter>소스 파일\DB</Filter>
    </ClCompile>
    <ClCompile Include="DBRequest.cpp">
      <Filter>소스 파일\DB</Filter>
    </ClCompile>
    <ClCompile Include="DBWriter.cpp">
      <Filter>소스 파일\DB</Filter>
    </ClCompile>
  </ItemGroup>
  <ItemGroup>
    <ClInclude Include="GameServer.h">
      <Filter>헤더 파일\Server</Filter>
    </ClInclude>
    <ClInclude Include="CommonProtocol.h">
      <Filter>헤더 파일\Protocol</Filter>
    </ClInclude>
    <ClInclude Include="Player.h">
      <Filter>헤더 파일\Objects</Filter>
    </ClInclude>
    <ClInclude Include="Contents.h">
      <Filter>헤더 파일\Protocol</Filter>
    </ClInclude>
    <ClInclude Include="21_TextParser.h">
      <Filter>헤더 파일\Tools</Filter>
    </ClInclude>
    <ClInclude Include="Lobby.h">
      <Filter>헤더 파일\Contents\Lobby</Filter>
    </ClInclude>
    <ClInclude Include="LobbyTimerJob.h">
      <Filter>헤더 파일\Contents\Lobby</Filter>
    </ClInclude>
    <ClInclude Include="RedisConnector.h">
      <Filter>헤더 파일\DB</Filter>
    </ClInclude>
    <ClInclude Include="ClientToLogin.h">
      <Filter>헤더 파일\Client</Filter>
    </ClInclude>
    <ClInclude Include="DBConnector.hpp">
      <Filter>헤더 파일\DB</Filter>
    </ClInclude>
    <ClInclude Include="DBProtocol.h">
      <Filter>헤더 파일\DB</Filter>
    </ClInclude>
    <ClInclude Include="DBRequest.h">
      <Filter>헤더 파일\DB</Filter>
    </ClInclude>
    <ClInclude Include="DBThreadPool.h">
      <Filter>헤더 파일\DB</Filter>
    </ClInclude>
    <ClInclude Include="DBWriter.h">
      <Filter>헤더 파일\DB</Filter>
    </ClInclude>
  </ItemGroup>
</Project>